
Microsoft Visual Studio Solution File, Format Version 9.00
# Visual Studio 2005
Project("{FAE04EC0-301F-11D3-BF4B-00C04F79EFBC}") = "Brainiac Designer Base", "Brainiac Designer Base\Brainiac Designer Base.csproj", "{DE22E2F7-F314-458E-8D17-223CD099B2F0}"
EndProject
Project("{54435603-DBB4-11D2-8724-00A0C9A8B90C}") = "Brainiac Designer Setup", "Brainiac Designer Setup\Brainiac Designer Setup.vdproj", "{5B8C4358-2FCA-4F5B-B520-4EF088FEEF9C}"
EndProject
Project("{FAE04EC0-301F-11D3-BF4B-00C04F79EFBC}") = "Brainiac Exporter", "Brainiac Exporter\Brainiac Exporter.csproj", "{AFC4B37B-70E3-4F47-9503-48672B0081AB}"
	ProjectSection(ProjectDependencies) = postProject
		{F877E6E1-F596-4683-98EF-5AFBD8C091B4} = {F877E6E1-F596-4683-98EF-5AFBD8C091B4}
		{326CC795-9695-4B8E-9EB4-5C7EA28B0344} = {326CC795-9695-4B8E-9EB4-5C7EA28B0344}
		{9F9ED07F-875E-4180-A448-E0B33DB92BA0} = {9F9ED07F-875E-4180-A448-E0B33DB92BA0}
	EndProjectSection
EndProject
Project("{FAE04EC0-301F-11D3-BF4B-00C04F79EFBC}") = "Design Mode", "Design Mode\Design Mode.csproj", "{F877E6E1-F596-4683-98EF-5AFBD8C091B4}"
EndProject
Project("{FAE04EC0-301F-11D3-BF4B-00C04F79EFBC}") = "Project Hoshimi Design", "Project Hoshimi Design\Project Hoshimi Design.csproj", "{326CC795-9695-4B8E-9EB4-5C7EA28B0344}"
EndProject
Project("{2150E333-8FDC-42A3-9474-1A3956D46DE8}") = "External", "External", "{1308CF86-BE9E-40FB-B47D-C1AA3E8B69CD}"
EndProject
Project("{FAE04EC0-301F-11D3-BF4B-00C04F79EFBC}") = "WinFormsUI", "External\DockPanel\WinFormsUI\WinFormsUI.csproj", "{C75532C4-765B-418E-B09B-46D36B2ABDB1}"
EndProject
Project("{FAE04EC0-301F-11D3-BF4B-00C04F79EFBC}") = "Brainiac Designer", "Brainiac Designer\Brainiac Designer.csproj", "{BEEB44C7-58E6-4B60-AE57-FB4B6C8BB43B}"
	ProjectSection(ProjectDependencies) = postProject
		{A5FBAC51-5382-4A88-BEC4-58B7B842EEFE} = {A5FBAC51-5382-4A88-BEC4-58B7B842EEFE}
		{9F9ED07F-875E-4180-A448-E0B33DB92BA0} = {9F9ED07F-875E-4180-A448-E0B33DB92BA0}
		{326CC795-9695-4B8E-9EB4-5C7EA28B0344} = {326CC795-9695-4B8E-9EB4-5C7EA28B0344}
		{F877E6E1-F596-4683-98EF-5AFBD8C091B4} = {F877E6E1-F596-4683-98EF-5AFBD8C091B4}
	EndProjectSection
EndProject
Project("{FAE04EC0-301F-11D3-BF4B-00C04F79EFBC}") = "BlankPlugin", "BlankPlugin\BlankPlugin.csproj", "{9F9ED07F-875E-4180-A448-E0B33DB92BA0}"
EndProject
Project("{2150E333-8FDC-42A3-9474-1A3956D46DE8}") = "Plugins", "Plugins", "{8DEE9CBE-EB22-4409-936B-4C09C9E7004D}"
EndProject
Project("{FAE04EC0-301F-11D3-BF4B-00C04F79EFBC}") = "Brainiac Tests", "Brainiac Tests\Brainiac Tests.csproj", "{59819800-C695-4B22-95EC-B99F70E9B55B}"
EndProject
Project("{8BC9CEB8-8B4A-11D0-8D11-00A0C91BC942}") = "BlankPluginCPP", "BlankPlugin CPP\BlankPlugin CPP.vcproj", "{A5FBAC51-5382-4A88-BEC4-58B7B842EEFE}"
EndProject
Global
	GlobalSection(TeamFoundationVersionControl) = preSolution
		SccNumberOfProjects = 11
		SccEnterpriseProvider = {4CA58AB2-18FA-4F8D-95D4-32DDF27D184C}
		SccTeamFoundationServer = https://tfs07.codeplex.com/
		SccLocalPath0 = .
		SccProjectUniqueName1 = Brainiac\u0020Designer\u0020Base\\Brainiac\u0020Designer\u0020Base.csproj
		SccProjectName1 = ../../../Brainiac\u0020Designer\u0020Base
		SccLocalPath1 = Brainiac\u0020Designer\u0020Base
		SccProjectUniqueName2 = Brainiac\u0020Designer\u0020Setup\\Brainiac\u0020Designer\u0020Setup.vdproj
		SccProjectName2 = ../../../Brainiac\u0020Designer\u0020Setup
		SccLocalPath2 = Brainiac\u0020Designer\u0020Setup
		SccProjectUniqueName3 = Brainiac\u0020Exporter\\Brainiac\u0020Exporter.csproj
		SccProjectName3 = ../../../Brainiac\u0020Exporter
		SccLocalPath3 = Brainiac\u0020Exporter
		SccProjectUniqueName4 = Project\u0020Hoshimi\u0020Design\\Project\u0020Hoshimi\u0020Design.csproj
		SccProjectTopLevelParentUniqueName4 = Brainiac\u0020Designer.sln
		SccProjectName4 = ../../../Project\u0020Hoshimi\u0020Design
		SccLocalPath4 = Project\u0020Hoshimi\u0020Design
		SccProjectUniqueName5 = Brainiac\u0020Designer\\Brainiac\u0020Designer.csproj
		SccProjectName5 = ../../../Brainiac\u0020Designer
		SccLocalPath5 = Brainiac\u0020Designer
		SccProjectUniqueName6 = BlankPlugin\\BlankPlugin.csproj
		SccProjectTopLevelParentUniqueName6 = Brainiac\u0020Designer.sln
		SccProjectName6 = ../../../BlankPlugin
		SccLocalPath6 = BlankPlugin
		SccProjectUniqueName7 = Design\u0020Mode\\Design\u0020Mode.csproj
		SccProjectTopLevelParentUniqueName7 = Brainiac\u0020Designer.sln
		SccProjectName7 = ../../../Design\u0020Mode
		SccLocalPath7 = Design\u0020Mode
		SccProjectUniqueName8 = Brainiac\u0020Tests\\Brainiac\u0020Tests.csproj
		SccProjectName8 = ../../../Brainiac\u0020Tests
		SccLocalPath8 = Brainiac\u0020Tests
		SccProjectUniqueName9 = BlankPlugin\u0020CPP\\BlankPlugin\u0020CPP.vcproj
		SccProjectTopLevelParentUniqueName9 = Brainiac\u0020Designer.sln
		SccProjectName9 = BlankPlugin\u0020CPP
		SccLocalPath9 = BlankPlugin\u0020CPP
		SccProjectUniqueName10 = External\\DockPanel\\WinFormsUI\\WinFormsUI.csproj
		SccProjectTopLevelParentUniqueName10 = Brainiac\u0020Designer.sln
		SccProjectName10 = External/DockPanel/WinFormsUI
		SccLocalPath10 = External\\DockPanel\\WinFormsUI
	EndGlobalSection
	GlobalSection(SolutionConfigurationPlatforms) = preSolution
		Debug|Any CPU = Debug|Any CPU
		Debug|Mixed Platforms = Debug|Mixed Platforms
		Debug|Win32 = Debug|Win32
		Debug|x64 = Debug|x64
		Release|Any CPU = Release|Any CPU
		Release|Mixed Platforms = Release|Mixed Platforms
		Release|Win32 = Release|Win32
		Release|x64 = Release|x64
	EndGlobalSection
	GlobalSection(ProjectConfigurationPlatforms) = postSolution
		{DE22E2F7-F314-458E-8D17-223CD099B2F0}.Debug|Any CPU.ActiveCfg = Debug|Any CPU
		{DE22E2F7-F314-458E-8D17-223CD099B2F0}.Debug|Any CPU.Build.0 = Debug|Any CPU
		{DE22E2F7-F314-458E-8D17-223CD099B2F0}.Debug|Mixed Platforms.ActiveCfg = Debug|Any CPU
		{DE22E2F7-F314-458E-8D17-223CD099B2F0}.Debug|Mixed Platforms.Build.0 = Debug|Any CPU
		{DE22E2F7-F314-458E-8D17-223CD099B2F0}.Debug|Win32.ActiveCfg = Debug|Any CPU
		{DE22E2F7-F314-458E-8D17-223CD099B2F0}.Debug|Win32.Build.0 = Debug|Any CPU
		{DE22E2F7-F314-458E-8D17-223CD099B2F0}.Debug|x64.ActiveCfg = Debug|Any CPU
		{DE22E2F7-F314-458E-8D17-223CD099B2F0}.Debug|x64.Build.0 = Debug|Any CPU
		{DE22E2F7-F314-458E-8D17-223CD099B2F0}.Release|Any CPU.ActiveCfg = Release|Any CPU
		{DE22E2F7-F314-458E-8D17-223CD099B2F0}.Release|Any CPU.Build.0 = Release|Any CPU
		{DE22E2F7-F314-458E-8D17-223CD099B2F0}.Release|Mixed Platforms.ActiveCfg = Release|Any CPU
		{DE22E2F7-F314-458E-8D17-223CD099B2F0}.Release|Mixed Platforms.Build.0 = Release|Any CPU
		{DE22E2F7-F314-458E-8D17-223CD099B2F0}.Release|Win32.ActiveCfg = Release|Any CPU
		{DE22E2F7-F314-458E-8D17-223CD099B2F0}.Release|Win32.Build.0 = Release|Any CPU
		{DE22E2F7-F314-458E-8D17-223CD099B2F0}.Release|x64.ActiveCfg = Release|Any CPU
		{DE22E2F7-F314-458E-8D17-223CD099B2F0}.Release|x64.Build.0 = Release|Any CPU
		{5B8C4358-2FCA-4F5B-B520-4EF088FEEF9C}.Debug|Any CPU.ActiveCfg = Debug
		{5B8C4358-2FCA-4F5B-B520-4EF088FEEF9C}.Debug|Any CPU.Build.0 = Debug
		{5B8C4358-2FCA-4F5B-B520-4EF088FEEF9C}.Debug|Mixed Platforms.ActiveCfg = Debug
		{5B8C4358-2FCA-4F5B-B520-4EF088FEEF9C}.Debug|Mixed Platforms.Build.0 = Debug
		{5B8C4358-2FCA-4F5B-B520-4EF088FEEF9C}.Debug|Win32.ActiveCfg = Debug
		{5B8C4358-2FCA-4F5B-B520-4EF088FEEF9C}.Debug|Win32.Build.0 = Debug
		{5B8C4358-2FCA-4F5B-B520-4EF088FEEF9C}.Debug|x64.ActiveCfg = Debug
		{5B8C4358-2FCA-4F5B-B520-4EF088FEEF9C}.Debug|x64.Build.0 = Debug
		{5B8C4358-2FCA-4F5B-B520-4EF088FEEF9C}.Release|Any CPU.ActiveCfg = Release
		{5B8C4358-2FCA-4F5B-B520-4EF088FEEF9C}.Release|Any CPU.Build.0 = Release
		{5B8C4358-2FCA-4F5B-B520-4EF088FEEF9C}.Release|Mixed Platforms.ActiveCfg = Release
		{5B8C4358-2FCA-4F5B-B520-4EF088FEEF9C}.Release|Mixed Platforms.Build.0 = Release
		{5B8C4358-2FCA-4F5B-B520-4EF088FEEF9C}.Release|Win32.ActiveCfg = Release
		{5B8C4358-2FCA-4F5B-B520-4EF088FEEF9C}.Release|Win32.Build.0 = Release
		{5B8C4358-2FCA-4F5B-B520-4EF088FEEF9C}.Release|x64.ActiveCfg = Release
		{5B8C4358-2FCA-4F5B-B520-4EF088FEEF9C}.Release|x64.Build.0 = Release
		{AFC4B37B-70E3-4F47-9503-48672B0081AB}.Debug|Any CPU.ActiveCfg = Debug|Any CPU
		{AFC4B37B-70E3-4F47-9503-48672B0081AB}.Debug|Any CPU.Build.0 = Debug|Any CPU
		{AFC4B37B-70E3-4F47-9503-48672B0081AB}.Debug|Mixed Platforms.ActiveCfg = Debug|Any CPU
		{AFC4B37B-70E3-4F47-9503-48672B0081AB}.Debug|Mixed Platforms.Build.0 = Debug|Any CPU
		{AFC4B37B-70E3-4F47-9503-48672B0081AB}.Debug|Win32.ActiveCfg = Debug|Any CPU
		{AFC4B37B-70E3-4F47-9503-48672B0081AB}.Debug|Win32.Build.0 = Debug|Any CPU
		{AFC4B37B-70E3-4F47-9503-48672B0081AB}.Debug|x64.ActiveCfg = Debug|Any CPU
		{AFC4B37B-70E3-4F47-9503-48672B0081AB}.Debug|x64.Build.0 = Debug|Any CPU
		{AFC4B37B-70E3-4F47-9503-48672B0081AB}.Release|Any CPU.ActiveCfg = Release|Any CPU
		{AFC4B37B-70E3-4F47-9503-48672B0081AB}.Release|Any CPU.Build.0 = Release|Any CPU
		{AFC4B37B-70E3-4F47-9503-48672B0081AB}.Release|Mixed Platforms.ActiveCfg = Release|Any CPU
		{AFC4B37B-70E3-4F47-9503-48672B0081AB}.Release|Mixed Platforms.Build.0 = Release|Any CPU
		{AFC4B37B-70E3-4F47-9503-48672B0081AB}.Release|Win32.ActiveCfg = Release|Any CPU
		{AFC4B37B-70E3-4F47-9503-48672B0081AB}.Release|Win32.Build.0 = Release|Any CPU
		{AFC4B37B-70E3-4F47-9503-48672B0081AB}.Release|x64.ActiveCfg = Release|Any CPU
		{AFC4B37B-70E3-4F47-9503-48672B0081AB}.Release|x64.Build.0 = Release|Any CPU
		{F877E6E1-F596-4683-98EF-5AFBD8C091B4}.Debug|Any CPU.ActiveCfg = Debug|Any CPU
		{F877E6E1-F596-4683-98EF-5AFBD8C091B4}.Debug|Any CPU.Build.0 = Debug|Any CPU
		{F877E6E1-F596-4683-98EF-5AFBD8C091B4}.Debug|Mixed Platforms.ActiveCfg = Debug|Any CPU
		{F877E6E1-F596-4683-98EF-5AFBD8C091B4}.Debug|Mixed Platforms.Build.0 = Debug|Any CPU
		{F877E6E1-F596-4683-98EF-5AFBD8C091B4}.Debug|Win32.ActiveCfg = Debug|Any CPU
		{F877E6E1-F596-4683-98EF-5AFBD8C091B4}.Debug|Win32.Build.0 = Debug|Any CPU
		{F877E6E1-F596-4683-98EF-5AFBD8C091B4}.Debug|x64.ActiveCfg = Debug|Any CPU
		{F877E6E1-F596-4683-98EF-5AFBD8C091B4}.Debug|x64.Build.0 = Debug|Any CPU
		{F877E6E1-F596-4683-98EF-5AFBD8C091B4}.Release|Any CPU.ActiveCfg = Release|Any CPU
		{F877E6E1-F596-4683-98EF-5AFBD8C091B4}.Release|Any CPU.Build.0 = Release|Any CPU
		{F877E6E1-F596-4683-98EF-5AFBD8C091B4}.Release|Mixed Platforms.ActiveCfg = Release|Any CPU
		{F877E6E1-F596-4683-98EF-5AFBD8C091B4}.Release|Mixed Platforms.Build.0 = Release|Any CPU
		{F877E6E1-F596-4683-98EF-5AFBD8C091B4}.Release|Win32.ActiveCfg = Release|Any CPU
		{F877E6E1-F596-4683-98EF-5AFBD8C091B4}.Release|Win32.Build.0 = Release|Any CPU
		{F877E6E1-F596-4683-98EF-5AFBD8C091B4}.Release|x64.ActiveCfg = Release|Any CPU
		{F877E6E1-F596-4683-98EF-5AFBD8C091B4}.Release|x64.Build.0 = Release|Any CPU
		{326CC795-9695-4B8E-9EB4-5C7EA28B0344}.Debug|Any CPU.ActiveCfg = Debug|Any CPU
		{326CC795-9695-4B8E-9EB4-5C7EA28B0344}.Debug|Any CPU.Build.0 = Debug|Any CPU
		{326CC795-9695-4B8E-9EB4-5C7EA28B0344}.Debug|Mixed Platforms.ActiveCfg = Debug|Any CPU
		{326CC795-9695-4B8E-9EB4-5C7EA28B0344}.Debug|Mixed Platforms.Build.0 = Debug|Any CPU
		{326CC795-9695-4B8E-9EB4-5C7EA28B0344}.Debug|Win32.ActiveCfg = Debug|Any CPU
		{326CC795-9695-4B8E-9EB4-5C7EA28B0344}.Debug|Win32.Build.0 = Debug|Any CPU
		{326CC795-9695-4B8E-9EB4-5C7EA28B0344}.Debug|x64.ActiveCfg = Debug|Any CPU
		{326CC795-9695-4B8E-9EB4-5C7EA28B0344}.Debug|x64.Build.0 = Debug|Any CPU
		{326CC795-9695-4B8E-9EB4-5C7EA28B0344}.Release|Any CPU.ActiveCfg = Release|Any CPU
		{326CC795-9695-4B8E-9EB4-5C7EA28B0344}.Release|Any CPU.Build.0 = Release|Any CPU
		{326CC795-9695-4B8E-9EB4-5C7EA28B0344}.Release|Mixed Platforms.ActiveCfg = Release|Any CPU
		{326CC795-9695-4B8E-9EB4-5C7EA28B0344}.Release|Mixed Platforms.Build.0 = Release|Any CPU
		{326CC795-9695-4B8E-9EB4-5C7EA28B0344}.Release|Win32.ActiveCfg = Release|Any CPU
		{326CC795-9695-4B8E-9EB4-5C7EA28B0344}.Release|Win32.Build.0 = Release|Any CPU
		{326CC795-9695-4B8E-9EB4-5C7EA28B0344}.Release|x64.ActiveCfg = Release|Any CPU
		{326CC795-9695-4B8E-9EB4-5C7EA28B0344}.Release|x64.Build.0 = Release|Any CPU
		{C75532C4-765B-418E-B09B-46D36B2ABDB1}.Debug|Any CPU.ActiveCfg = Debug|Any CPU
		{C75532C4-765B-418E-B09B-46D36B2ABDB1}.Debug|Any CPU.Build.0 = Debug|Any CPU
		{C75532C4-765B-418E-B09B-46D36B2ABDB1}.Debug|Mixed Platforms.ActiveCfg = Debug|Any CPU
		{C75532C4-765B-418E-B09B-46D36B2ABDB1}.Debug|Mixed Platforms.Build.0 = Debug|Any CPU
		{C75532C4-765B-418E-B09B-46D36B2ABDB1}.Debug|Win32.ActiveCfg = Debug|Any CPU
		{C75532C4-765B-418E-B09B-46D36B2ABDB1}.Debug|Win32.Build.0 = Debug|Any CPU
		{C75532C4-765B-418E-B09B-46D36B2ABDB1}.Debug|x64.ActiveCfg = Debug|Any CPU
		{C75532C4-765B-418E-B09B-46D36B2ABDB1}.Debug|x64.Build.0 = Debug|Any CPU
		{C75532C4-765B-418E-B09B-46D36B2ABDB1}.Release|Any CPU.ActiveCfg = Release|Any CPU
		{C75532C4-765B-418E-B09B-46D36B2ABDB1}.Release|Any CPU.Build.0 = Release|Any CPU
		{C75532C4-765B-418E-B09B-46D36B2ABDB1}.Release|Mixed Platforms.ActiveCfg = Release|Any CPU
		{C75532C4-765B-418E-B09B-46D36B2ABDB1}.Release|Mixed Platforms.Build.0 = Release|Any CPU
		{C75532C4-765B-418E-B09B-46D36B2ABDB1}.Release|Win32.ActiveCfg = Release|Any CPU
		{C75532C4-765B-418E-B09B-46D36B2ABDB1}.Release|Win32.Build.0 = Release|Any CPU
		{C75532C4-765B-418E-B09B-46D36B2ABDB1}.Release|x64.ActiveCfg = Release|Any CPU
		{C75532C4-765B-418E-B09B-46D36B2ABDB1}.Release|x64.Build.0 = Release|Any CPU
		{BEEB44C7-58E6-4B60-AE57-FB4B6C8BB43B}.Debug|Any CPU.ActiveCfg = Debug|Any CPU
		{BEEB44C7-58E6-4B60-AE57-FB4B6C8BB43B}.Debug|Any CPU.Build.0 = Debug|Any CPU
		{BEEB44C7-58E6-4B60-AE57-FB4B6C8BB43B}.Debug|Mixed Platforms.ActiveCfg = Debug|Any CPU
		{BEEB44C7-58E6-4B60-AE57-FB4B6C8BB43B}.Debug|Mixed Platforms.Build.0 = Debug|Any CPU
		{BEEB44C7-58E6-4B60-AE57-FB4B6C8BB43B}.Debug|Win32.ActiveCfg = Debug|Any CPU
		{BEEB44C7-58E6-4B60-AE57-FB4B6C8BB43B}.Debug|Win32.Build.0 = Debug|Any CPU
		{BEEB44C7-58E6-4B60-AE57-FB4B6C8BB43B}.Debug|x64.ActiveCfg = Debug|Any CPU
		{BEEB44C7-58E6-4B60-AE57-FB4B6C8BB43B}.Debug|x64.Build.0 = Debug|Any CPU
		{BEEB44C7-58E6-4B60-AE57-FB4B6C8BB43B}.Release|Any CPU.ActiveCfg = Release|Any CPU
		{BEEB44C7-58E6-4B60-AE57-FB4B6C8BB43B}.Release|Any CPU.Build.0 = Release|Any CPU
		{BEEB44C7-58E6-4B60-AE57-FB4B6C8BB43B}.Release|Mixed Platforms.ActiveCfg = Release|Any CPU
		{BEEB44C7-58E6-4B60-AE57-FB4B6C8BB43B}.Release|Mixed Platforms.Build.0 = Release|Any CPU
		{BEEB44C7-58E6-4B60-AE57-FB4B6C8BB43B}.Release|Win32.ActiveCfg = Release|Any CPU
		{BEEB44C7-58E6-4B60-AE57-FB4B6C8BB43B}.Release|Win32.Build.0 = Release|Any CPU
		{BEEB44C7-58E6-4B60-AE57-FB4B6C8BB43B}.Release|x64.ActiveCfg = Release|Any CPU
		{BEEB44C7-58E6-4B60-AE57-FB4B6C8BB43B}.Release|x64.Build.0 = Release|Any CPU
		{9F9ED07F-875E-4180-A448-E0B33DB92BA0}.Debug|Any CPU.ActiveCfg = Debug|Any CPU
		{9F9ED07F-875E-4180-A448-E0B33DB92BA0}.Debug|Any CPU.Build.0 = Debug|Any CPU
		{9F9ED07F-875E-4180-A448-E0B33DB92BA0}.Debug|Mixed Platforms.ActiveCfg = Debug|Any CPU
		{9F9ED07F-875E-4180-A448-E0B33DB92BA0}.Debug|Mixed Platforms.Build.0 = Debug|Any CPU
		{9F9ED07F-875E-4180-A448-E0B33DB92BA0}.Debug|Win32.ActiveCfg = Debug|Any CPU
		{9F9ED07F-875E-4180-A448-E0B33DB92BA0}.Debug|Win32.Build.0 = Debug|Any CPU
		{9F9ED07F-875E-4180-A448-E0B33DB92BA0}.Debug|x64.ActiveCfg = Debug|Any CPU
		{9F9ED07F-875E-4180-A448-E0B33DB92BA0}.Debug|x64.Build.0 = Debug|Any CPU
		{9F9ED07F-875E-4180-A448-E0B33DB92BA0}.Release|Any CPU.ActiveCfg = Release|Any CPU
		{9F9ED07F-875E-4180-A448-E0B33DB92BA0}.Release|Any CPU.Build.0 = Release|Any CPU
		{9F9ED07F-875E-4180-A448-E0B33DB92BA0}.Release|Mixed Platforms.ActiveCfg = Release|Any CPU
		{9F9ED07F-875E-4180-A448-E0B33DB92BA0}.Release|Mixed Platforms.Build.0 = Release|Any CPU
		{9F9ED07F-875E-4180-A448-E0B33DB92BA0}.Release|Win32.ActiveCfg = Release|Any CPU
		{9F9ED07F-875E-4180-A448-E0B33DB92BA0}.Release|Win32.Build.0 = Release|Any CPU
		{9F9ED07F-875E-4180-A448-E0B33DB92BA0}.Release|x64.ActiveCfg = Release|Any CPU
		{9F9ED07F-875E-4180-A448-E0B33DB92BA0}.Release|x64.Build.0 = Release|Any CPU
		{59819800-C695-4B22-95EC-B99F70E9B55B}.Debug|Any CPU.ActiveCfg = Debug|Any CPU
		{59819800-C695-4B22-95EC-B99F70E9B55B}.Debug|Any CPU.Build.0 = Debug|Any CPU
		{59819800-C695-4B22-95EC-B99F70E9B55B}.Debug|Mixed Platforms.ActiveCfg = Debug|Any CPU
		{59819800-C695-4B22-95EC-B99F70E9B55B}.Debug|Mixed Platforms.Build.0 = Debug|Any CPU
		{59819800-C695-4B22-95EC-B99F70E9B55B}.Debug|Win32.ActiveCfg = Debug|Any CPU
		{59819800-C695-4B22-95EC-B99F70E9B55B}.Debug|Win32.Build.0 = Debug|Any CPU
		{59819800-C695-4B22-95EC-B99F70E9B55B}.Debug|x64.ActiveCfg = Debug|Any CPU
		{59819800-C695-4B22-95EC-B99F70E9B55B}.Debug|x64.Build.0 = Debug|Any CPU
		{59819800-C695-4B22-95EC-B99F70E9B55B}.Release|Any CPU.ActiveCfg = Release|Any CPU
		{59819800-C695-4B22-95EC-B99F70E9B55B}.Release|Any CPU.Build.0 = Release|Any CPU
		{59819800-C695-4B22-95EC-B99F70E9B55B}.Release|Mixed Platforms.ActiveCfg = Release|Any CPU
		{59819800-C695-4B22-95EC-B99F70E9B55B}.Release|Mixed Platforms.Build.0 = Release|Any CPU
		{59819800-C695-4B22-95EC-B99F70E9B55B}.Release|Win32.ActiveCfg = Release|Any CPU
		{59819800-C695-4B22-95EC-B99F70E9B55B}.Release|Win32.Build.0 = Release|Any CPU
		{59819800-C695-4B22-95EC-B99F70E9B55B}.Release|x64.ActiveCfg = Release|Any CPU
		{59819800-C695-4B22-95EC-B99F70E9B55B}.Release|x64.Build.0 = Release|Any CPU
		{A5FBAC51-5382-4A88-BEC4-58B7B842EEFE}.Debug|Any CPU.ActiveCfg = Debug|Win32
		{A5FBAC51-5382-4A88-BEC4-58B7B842EEFE}.Debug|Mixed Platforms.ActiveCfg = Debug|Win32
		{A5FBAC51-5382-4A88-BEC4-58B7B842EEFE}.Debug|Win32.ActiveCfg = Debug|Win32
		{A5FBAC51-5382-4A88-BEC4-58B7B842EEFE}.Debug|Win32.Build.0 = Debug|Win32
		{A5FBAC51-5382-4A88-BEC4-58B7B842EEFE}.Debug|x64.ActiveCfg = Debug|x64
		{A5FBAC51-5382-4A88-BEC4-58B7B842EEFE}.Debug|x64.Build.0 = Debug|x64
		{A5FBAC51-5382-4A88-BEC4-58B7B842EEFE}.Release|Any CPU.ActiveCfg = Release|Win32
		{A5FBAC51-5382-4A88-BEC4-58B7B842EEFE}.Release|Mixed Platforms.ActiveCfg = Release|Win32
		{A5FBAC51-5382-4A88-BEC4-58B7B842EEFE}.Release|Win32.ActiveCfg = Release|Win32
		{A5FBAC51-5382-4A88-BEC4-58B7B842EEFE}.Release|Win32.Build.0 = Release|Win32
		{A5FBAC51-5382-4A88-BEC4-58B7B842EEFE}.Release|x64.ActiveCfg = Release|x64
		{A5FBAC51-5382-4A88-BEC4-58B7B842EEFE}.Release|x64.Build.0 = Release|x64
	EndGlobalSection
	GlobalSection(SolutionProperties) = preSolution
		HideSolutionNode = FALSE
	EndGlobalSection
	GlobalSection(NestedProjects) = preSolution
		{326CC795-9695-4B8E-9EB4-5C7EA28B0344} = {8DEE9CBE-EB22-4409-936B-4C09C9E7004D}
		{9F9ED07F-875E-4180-A448-E0B33DB92BA0} = {8DEE9CBE-EB22-4409-936B-4C09C9E7004D}
		{F877E6E1-F596-4683-98EF-5AFBD8C091B4} = {8DEE9CBE-EB22-4409-936B-4C09C9E7004D}
		{A5FBAC51-5382-4A88-BEC4-58B7B842EEFE} = {8DEE9CBE-EB22-4409-936B-4C09C9E7004D}
		{C75532C4-765B-418E-B09B-46D36B2ABDB1} = {1308CF86-BE9E-40FB-B47D-C1AA3E8B69CD}
	EndGlobalSection
EndGlobal
